Microsoft Visual Studio Solution File, Format Version 12.00
# Visual Studio Version 17
VisualStudioVersion = 17.5.2.0
MinimumVisualStudioVersion = 10.0.40219.1
Project("{FAE04EC0-301F-11D3-BF4B-00C04F79EFBC}") = "TokenGenerator", "TokenGenerator.csproj", "{A5D2251A-3CCD-C965-8B80-592823872667}"
EndProject
Global
	GlobalSection(SolutionConfigurationPlatforms) = preSolution
		Debug|Any CPU = Debug|Any CPU
		Release|Any CPU = Release|Any CPU
	EndGlobalSection
	GlobalSection(ProjectConfigurationPlatforms) = postSolution
		{A5D2251A-3CCD-C965-8B80-592823872667}.Debug|Any CPU.ActiveCfg = Debug|Any CPU
		{A5D2251A-3CCD-C965-8B80-592823872667}.Debug|Any CPU.Build.0 = Debug|Any CPU
		{A5D2251A-3CCD-C965-8B80-592823872667}.Release|Any CPU.ActiveCfg = Release|Any CPU
		{A5D2251A-3CCD-C965-8B80-592823872667}.Release|Any CPU.Build.0 = Release|Any CPU
	EndGlobalSection
	GlobalSection(SolutionProperties) = preSolution
		HideSolutionNode = FALSE
	EndGlobalSection
	GlobalSection(ExtensibilityGlobals) = postSolution
		SolutionGuid = {D7E7FE46-0DA7-4505-B30F-860ED8D9EB70}
	EndGlobalSection
EndGlobal
